
Microsoft Visual Studio Solution File, Format Version 12.00
# Visual Studio Version 16
VisualStudioVersion = 16.0.32228.343
MinimumVisualStudioVersion = 10.0.40219.1
Project("{FAE04EC0-301F-11D3-BF4B-00C04F79EFBC}") = "BlogTest.Service", "BlogTest.Service\BlogTest.Service.csproj", "{FBB3ACD5-B28B-4EDA-8399-2B348210B6B5}"
	ProjectSection(ProjectDependencies) = postProject
		{558CD808-D455-470D-810C-9FBAF35CB3F5} = {558CD808-D455-470D-810C-9FBAF35CB3F5}
	EndProjectSection
EndProject
Project("{FAE04EC0-301F-11D3-BF4B-00C04F79EFBC}") = "BlogTest.Data", "BlogTest.Data\BlogTest.Data.csproj", "{558CD808-D455-470D-810C-9FBAF35CB3F5}"
EndProject
Project("{FAE04EC0-301F-11D3-BF4B-00C04F79EFBC}") = "BlogTest.Api", "BlogTest.Api\BlogTest.Api.csproj", "{A23094A4-4B72-4CE2-ADB2-618862D1E554}"
	ProjectSection(ProjectDependencies) = postProject
		{FBB3ACD5-B28B-4EDA-8399-2B348210B6B5} = {FBB3ACD5-B28B-4EDA-8399-2B348210B6B5}
	EndProjectSection
EndProject
Global
	GlobalSection(SolutionConfigurationPlatforms) = preSolution
		Debug|Any CPU = Debug|Any CPU
		Release|Any CPU = Release|Any CPU
	EndGlobalSection
	GlobalSection(ProjectConfigurationPlatforms) = postSolution
		{FBB3ACD5-B28B-4EDA-8399-2B348210B6B5}.Debug|Any CPU.ActiveCfg = Debug|Any CPU
		{FBB3ACD5-B28B-4EDA-8399-2B348210B6B5}.Debug|Any CPU.Build.0 = Debug|Any CPU
		{FBB3ACD5-B28B-4EDA-8399-2B348210B6B5}.Release|Any CPU.ActiveCfg = Release|Any CPU
		{FBB3ACD5-B28B-4EDA-8399-2B348210B6B5}.Release|Any CPU.Build.0 = Release|Any CPU
		{558CD808-D455-470D-810C-9FBAF35CB3F5}.Debug|Any CPU.ActiveCfg = Debug|Any CPU
		{558CD808-D455-470D-810C-9FBAF35CB3F5}.Debug|Any CPU.Build.0 = Debug|Any CPU
		{558CD808-D455-470D-810C-9FBAF35CB3F5}.Release|Any CPU.ActiveCfg = Release|Any CPU
		{558CD808-D455-470D-810C-9FBAF35CB3F5}.Release|Any CPU.Build.0 = Release|Any CPU
		{A23094A4-4B72-4CE2-ADB2-618862D1E554}.Debug|Any CPU.ActiveCfg = Debug|Any CPU
		{A23094A4-4B72-4CE2-ADB2-618862D1E554}.Debug|Any CPU.Build.0 = Debug|Any CPU
		{A23094A4-4B72-4CE2-ADB2-618862D1E554}.Release|Any CPU.ActiveCfg = Release|Any CPU
		{A23094A4-4B72-4CE2-ADB2-618862D1E554}.Release|Any CPU.Build.0 = Release|Any CPU
	EndGlobalSection
	GlobalSection(SolutionProperties) = preSolution
		HideSolutionNode = FALSE
	EndGlobalSection
	GlobalSection(ExtensibilityGlobals) = postSolution
		SolutionGuid = {015DB96F-35E1-49B6-8E6A-60A9FF3D64DF}
	EndGlobalSection
EndGlobal
